Microsoft Visual Studio Solution File, Format Version 11.00
# Visual Studio 2010
Project("{2150E333-8FDC-42A3-9474-1A3956D46DE8}") = "Solution Items", "Solution Items", "{5C22F6FE-0B5C-4761-B959-60CB03858F9E}"
	ProjectSection(SolutionItems) = preProject
		CrawlWave.vsd = CrawlWave.vsd
		TODO.txt = TODO.txt
	EndProjectSection
EndProject
Project("{FAE04EC0-301F-11D3-BF4B-00C04F79EFBC}") = "CrawlWave.Common", "CrawlWave.Common\CrawlWave.Common.csproj", "{EE9BEAEB-5D8F-40FA-AB1B-6375A49B223F}"
EndProject
Project("{FAE04EC0-301F-11D3-BF4B-00C04F79EFBC}") = "CrawlWave.Client", "CrawlWave.Client\CrawlWave.Client.csproj", "{1505814E-85A9-4E2F-9321-DAC746A3545F}"
EndProject
Project("{8BC9CEB8-8B4A-11D0-8D11-00A0C91BC942}") = "CrawlWave.Swf2Html", "CrawlWave.Swf2Html\CrawlWave.Swf2Html.vcxproj", "{928CDD91-F48D-4B56-AAD4-0B344E59490D}"
EndProject
Project("{8BC9CEB8-8B4A-11D0-8D11-00A0C91BC942}") = "CrawlWave.Pdf2Text", "CrawlWave.Pdf2Text\CrawlWave.Pdf2Text.vcxproj", "{FF9351E8-F71F-47B5-8699-F5804C1417F3}"
EndProject
Project("{FAE04EC0-301F-11D3-BF4B-00C04F79EFBC}") = "CrawlWave.Common.UI", "CrawlWave.Common.UI\CrawlWave.Common.UI.csproj", "{58F5F0D1-E58F-4E66-BA07-68ABE846BD4C}"
EndProject
Project("{FAE04EC0-301F-11D3-BF4B-00C04F79EFBC}") = "CrawlWave.Common.WSCFilter", "CrawlWave.Common.WSCFilter\CrawlWave.Common.WSCFilter.csproj", "{D1E05FF9-5E43-41DC-889F-9AAA6DF9F75C}"
EndProject
Project("{E24C65DC-7377-472B-9ABA-BC803B73C61A}") = "CrawlWave.Server", "http://localhost/CrawlWave.Server", "{5E826A2C-85BC-4526-BE4F-3951BBCC799B}"
	ProjectSection(WebsiteProperties) = preProject
		UseIISExpress = "false"
		TargetFrameworkMoniker = ".NETFramework,Version%3Dv4.0"
		ProjectReferences = "{EE9BEAEB-5D8F-40FA-AB1B-6375A49B223F}|CrawlWave.Common.dll;{D1E05FF9-5E43-41DC-889F-9AAA6DF9F75C}|CrawlWave.Common.WSCFilter.dll;{6A8300EE-D051-49A5-89B2-EA606D8B0D83}|CrawlWave.ServerCommon.dll;{0E7413FF-EB9E-4714-ACF2-BE3A6A7B2FFD}|ICSharpCode.SharpZipLib.dll;"
		Debug.AspNetCompiler.VirtualPath = "/CrawlWave.Server"
		Debug.AspNetCompiler.PhysicalPath = "..\CrawlWave\CrawlWave.Server\"
		Debug.AspNetCompiler.TargetPath = "PrecompiledWeb\CrawlWave.Server\"
		Debug.AspNetCompiler.Updateable = "true"
		Debug.AspNetCompiler.ForceOverwrite = "true"
		Debug.AspNetCompiler.FixedNames = "false"
		Debug.AspNetCompiler.Debug = "True"
		Release.AspNetCompiler.VirtualPath = "/CrawlWave.Server"
		Release.AspNetCompiler.PhysicalPath = "..\CrawlWave\CrawlWave.Server\"
		Release.AspNetCompiler.TargetPath = "PrecompiledWeb\CrawlWave.Server\"
		Release.AspNetCompiler.Updateable = "true"
		Release.AspNetCompiler.ForceOverwrite = "true"
		Release.AspNetCompiler.FixedNames = "false"
		Release.AspNetCompiler.Debug = "False"
		SlnRelativePath = "CrawlWave.Server\"
	EndProjectSection
EndProject
Project("{FAE04EC0-301F-11D3-BF4B-00C04F79EFBC}") = "CrawlWave.ServerWorker", "CrawlWave.ServerWorker\CrawlWave.ServerWorker.csproj", "{F72A389B-DD26-4392-B160-D91828CF22FB}"
EndProject
Project("{FAE04EC0-301F-11D3-BF4B-00C04F79EFBC}") = "CrawlWave.ServerPlugins.WordExtraction", "CrawlWave.ServerPlugins.WordExtraction\CrawlWave.ServerPlugins.WordExtraction.csproj", "{CB978B5E-DA78-4402-A74F-3E40197607F7}"
EndProject
Project("{FAE04EC0-301F-11D3-BF4B-00C04F79EFBC}") = "CrawlWave.ServerPlugins.PageRank", "CrawlWave.ServerPlugins.PageRank\CrawlWave.ServerPlugins.PageRank.csproj", "{89DC4C33-3D6B-443D-9D4E-FF1ABA04A26D}"
EndProject
Project("{FAE04EC0-301F-11D3-BF4B-00C04F79EFBC}") = "CrawlWave.ServerPlugins.UrlSelection", "CrawlWave.ServerPlugins.UrlSelection\CrawlWave.ServerPlugins.UrlSelection.csproj", "{BC74D290-7F04-4CC8-B631-A6B716F66236}"
EndProject
Project("{FAE04EC0-301F-11D3-BF4B-00C04F79EFBC}") = "CrawlWave.ServerCommon", "CrawlWave.ServerCommon\CrawlWave.ServerCommon.csproj", "{6A8300EE-D051-49A5-89B2-EA606D8B0D83}"
EndProject
Project("{FAE04EC0-301F-11D3-BF4B-00C04F79EFBC}") = "CrawlWave.ServerPlugins.DBUpdater", "CrawlWave.ServerPlugins.DBUpdater\CrawlWave.ServerPlugins.DBUpdater.csproj", "{CD9EC175-DCEE-4C49-A0BE-89307A7C8067}"
EndProject
Project("{FAE04EC0-301F-11D3-BF4B-00C04F79EFBC}") = "CrawlWave.ServerPlugins.Initializer", "CrawlWave.ServerPlugins.Initializer\CrawlWave.ServerPlugins.Initializer.csproj", "{CAB5AD3D-5F35-430F-A3C6-FD5B4C41C4DD}"
EndProject
Project("{FAE04EC0-301F-11D3-BF4B-00C04F79EFBC}") = "CrawlWave.ServerPlugins.UrlDomainChecker", "CrawlWave.ServerPlugins.UrlDomainChecker\CrawlWave.ServerPlugins.UrlDomainChecker.csproj", "{E9D2AE05-D523-4FDF-8021-30FE0DB14E12}"
EndProject
Project("{FAE04EC0-301F-11D3-BF4B-00C04F79EFBC}") = "CrawlWave.ServerManager", "CrawlWave.ServerManager\CrawlWave.ServerManager.csproj", "{16B2887F-8BDC-4E39-B06E-A17F213DDC55}"
EndProject
Project("{FAE04EC0-301F-11D3-BF4B-00C04F79EFBC}") = "XPExplorerBar", "XPExplorerBar\XPExplorerBar.csproj", "{5D79BEBC-72DE-4EB1-AFC3-7A439BCE84CE}"
EndProject
Project("{FAE04EC0-301F-11D3-BF4B-00C04F79EFBC}") = "CrawlWave.ServerInstaller", "CrawlWave.ServerInstaller\CrawlWave.ServerInstaller.csproj", "{57567DA2-E0AE-4BAC-BACC-3C5B0CB34B1C}"
EndProject
Project("{54435603-DBB4-11D2-8724-00A0C9A8B90C}") = "CrawlWave.ServerSetup", "CrawlWave.ServerSetup\CrawlWave.ServerSetup.vdproj", "{FF5DFAFF-14A3-405E-B0BB-4557826CA89C}"
EndProject
Project("{54435603-DBB4-11D2-8724-00A0C9A8B90C}") = "CrawlWave.ClientSetup", "CrawlWave.ClientSetup\CrawlWave.ClientSetup.vdproj", "{C4016F00-81FC-4B4E-80EC-19A3DDA83F26}"
EndProject
Project("{FAE04EC0-301F-11D3-BF4B-00C04F79EFBC}") = "CrawlWave.Scheduler", "CrawlWave.Scheduler\CrawlWave.Scheduler.csproj", "{7DD3E618-1D58-460D-8076-D67CDF5649A0}"
EndProject
Project("{FAE04EC0-301F-11D3-BF4B-00C04F79EFBC}") = "CrawlWave.Client.Common", "CrawlWave.Client.Common\CrawlWave.Client.Common.csproj", "{8404264A-0365-4255-8463-EF5B38368C4D}"
EndProject
Project("{FAE04EC0-301F-11D3-BF4B-00C04F79EFBC}") = "CrawlWave.Client.UI", "CrawlWave.Client.UI\CrawlWave.Client.UI.csproj", "{BCECDE75-8B68-46AF-ABE6-85A27DD75599}"
EndProject
Project("{FAE04EC0-301F-11D3-BF4B-00C04F79EFBC}") = "CrawlWave.ServerPlugins.WordCleanup", "CrawlWave.ServerPlugins.WordCleanup\CrawlWave.ServerPlugins.WordCleanup.csproj", "{7FEDCBFD-0144-4764-809E-A6D8C96F1C2F}"
EndProject
Project("{FAE04EC0-301F-11D3-BF4B-00C04F79EFBC}") = "CrawlWave.Service", "CrawlWave.Service\CrawlWave.Service.csproj", "{40D1B03A-202F-40D5-9115-EF2B8AB9C562}"
EndProject
Project("{FAE04EC0-301F-11D3-BF4B-00C04F79EFBC}") = "CrawlWave.ServerPlugins.Ebay", "CrawlWave.ServerPlugins.Ebay\CrawlWave.ServerPlugins.Ebay.csproj", "{E16DFF10-3FEF-4230-B092-CABA2B1E3609}"
EndProject
Project("{FAE04EC0-301F-11D3-BF4B-00C04F79EFBC}") = "ICSharpCode.SharpZLib", "ICSharpCode.SharpZipLib\ICSharpCode.SharpZLib.csproj", "{0E7413FF-EB9E-4714-ACF2-BE3A6A7B2FFD}"
EndProject
Global
	GlobalSection(SolutionConfigurationPlatforms) = preSolution
		Debug|Any CPU = Debug|Any CPU
		Debug|Mixed Platforms = Debug|Mixed Platforms
		Debug|Win32 = Debug|Win32
		Release|Any CPU = Release|Any CPU
		Release|Mixed Platforms = Release|Mixed Platforms
		Release|Win32 = Release|Win32
	EndGlobalSection
	GlobalSection(ProjectConfigurationPlatforms) = postSolution
		{EE9BEAEB-5D8F-40FA-AB1B-6375A49B223F}.Debug|Any CPU.ActiveCfg = Debug|Any CPU
		{EE9BEAEB-5D8F-40FA-AB1B-6375A49B223F}.Debug|Any CPU.Build.0 = Debug|Any CPU
		{EE9BEAEB-5D8F-40FA-AB1B-6375A49B223F}.Debug|Mixed Platforms.ActiveCfg = Debug|Any CPU
		{EE9BEAEB-5D8F-40FA-AB1B-6375A49B223F}.Debug|Mixed Platforms.Build.0 = Debug|Any CPU
		{EE9BEAEB-5D8F-40FA-AB1B-6375A49B223F}.Debug|Win32.ActiveCfg = Debug|Any CPU
		{EE9BEAEB-5D8F-40FA-AB1B-6375A49B223F}.Release|Any CPU.ActiveCfg = Release|Any CPU
		{EE9BEAEB-5D8F-40FA-AB1B-6375A49B223F}.Release|Any CPU.Build.0 = Release|Any CPU
		{EE9BEAEB-5D8F-40FA-AB1B-6375A49B223F}.Release|Mixed Platforms.ActiveCfg = Release|Any CPU
		{EE9BEAEB-5D8F-40FA-AB1B-6375A49B223F}.Release|Mixed Platforms.Build.0 = Release|Any CPU
		{EE9BEAEB-5D8F-40FA-AB1B-6375A49B223F}.Release|Win32.ActiveCfg = Release|Any CPU
		{1505814E-85A9-4E2F-9321-DAC746A3545F}.Debug|Any CPU.ActiveCfg = Debug|Any CPU
		{1505814E-85A9-4E2F-9321-DAC746A3545F}.Debug|Any CPU.Build.0 = Debug|Any CPU
		{1505814E-85A9-4E2F-9321-DAC746A3545F}.Debug|Mixed Platforms.ActiveCfg = Debug|Any CPU
		{1505814E-85A9-4E2F-9321-DAC746A3545F}.Debug|Mixed Platforms.Build.0 = Debug|Any CPU
		{1505814E-85A9-4E2F-9321-DAC746A3545F}.Debug|Win32.ActiveCfg = Debug|Any CPU
		{1505814E-85A9-4E2F-9321-DAC746A3545F}.Release|Any CPU.ActiveCfg = Release|Any CPU
		{1505814E-85A9-4E2F-9321-DAC746A3545F}.Release|Any CPU.Build.0 = Release|Any CPU
		{1505814E-85A9-4E2F-9321-DAC746A3545F}.Release|Mixed Platforms.ActiveCfg = Release|Any CPU
		{1505814E-85A9-4E2F-9321-DAC746A3545F}.Release|Mixed Platforms.Build.0 = Release|Any CPU
		{1505814E-85A9-4E2F-9321-DAC746A3545F}.Release|Win32.ActiveCfg = Release|Any CPU
		{928CDD91-F48D-4B56-AAD4-0B344E59490D}.Debug|Any CPU.ActiveCfg = Debug|Win32
		{928CDD91-F48D-4B56-AAD4-0B344E59490D}.Debug|Mixed Platforms.ActiveCfg = Debug|Win32
		{928CDD91-F48D-4B56-AAD4-0B344E59490D}.Debug|Mixed Platforms.Build.0 = Debug|Win32
		{928CDD91-F48D-4B56-AAD4-0B344E59490D}.Debug|Win32.ActiveCfg = Debug|Win32
		{928CDD91-F48D-4B56-AAD4-0B344E59490D}.Debug|Win32.Build.0 = Debug|Win32
		{928CDD91-F48D-4B56-AAD4-0B344E59490D}.Release|Any CPU.ActiveCfg = Release|Win32
		{928CDD91-F48D-4B56-AAD4-0B344E59490D}.Release|Mixed Platforms.ActiveCfg = Release|Win32
		{928CDD91-F48D-4B56-AAD4-0B344E59490D}.Release|Mixed Platforms.Build.0 = Release|Win32
		{928CDD91-F48D-4B56-AAD4-0B344E59490D}.Release|Win32.ActiveCfg = Release|Win32
		{928CDD91-F48D-4B56-AAD4-0B344E59490D}.Release|Win32.Build.0 = Release|Win32
		{FF9351E8-F71F-47B5-8699-F5804C1417F3}.Debug|Any CPU.ActiveCfg = Debug|Win32
		{FF9351E8-F71F-47B5-8699-F5804C1417F3}.Debug|Mixed Platforms.ActiveCfg = Debug|Win32
		{FF9351E8-F71F-47B5-8699-F5804C1417F3}.Debug|Mixed Platforms.Build.0 = Debug|Win32
		{FF9351E8-F71F-47B5-8699-F5804C1417F3}.Debug|Win32.ActiveCfg = Debug|Win32
		{FF9351E8-F71F-47B5-8699-F5804C1417F3}.Debug|Win32.Build.0 = Debug|Win32
		{FF9351E8-F71F-47B5-8699-F5804C1417F3}.Release|Any CPU.ActiveCfg = Release|Win32
		{FF9351E8-F71F-47B5-8699-F5804C1417F3}.Release|Mixed Platforms.ActiveCfg = Release|Win32
		{FF9351E8-F71F-47B5-8699-F5804C1417F3}.Release|Mixed Platforms.Build.0 = Release|Win32
		{FF9351E8-F71F-47B5-8699-F5804C1417F3}.Release|Win32.ActiveCfg = Release|Win32
		{FF9351E8-F71F-47B5-8699-F5804C1417F3}.Release|Win32.Build.0 = Release|Win32
		{58F5F0D1-E58F-4E66-BA07-68ABE846BD4C}.Debug|Any CPU.ActiveCfg = Debug|Any CPU
		{58F5F0D1-E58F-4E66-BA07-68ABE846BD4C}.Debug|Any CPU.Build.0 = Debug|Any CPU
		{58F5F0D1-E58F-4E66-BA07-68ABE846BD4C}.Debug|Mixed Platforms.ActiveCfg = Debug|Any CPU
		{58F5F0D1-E58F-4E66-BA07-68ABE846BD4C}.Debug|Mixed Platforms.Build.0 = Debug|Any CPU
		{58F5F0D1-E58F-4E66-BA07-68ABE846BD4C}.Debug|Win32.ActiveCfg = Debug|Any CPU
		{58F5F0D1-E58F-4E66-BA07-68ABE846BD4C}.Release|Any CPU.ActiveCfg = Release|Any CPU
		{58F5F0D1-E58F-4E66-BA07-68ABE846BD4C}.Release|Any CPU.Build.0 = Release|Any CPU
		{58F5F0D1-E58F-4E66-BA07-68ABE846BD4C}.Release|Mixed Platforms.ActiveCfg = Release|Any CPU
		{58F5F0D1-E58F-4E66-BA07-68ABE846BD4C}.Release|Mixed Platforms.Build.0 = Release|Any CPU
		{58F5F0D1-E58F-4E66-BA07-68ABE846BD4C}.Release|Win32.ActiveCfg = Release|Any CPU
		{D1E05FF9-5E43-41DC-889F-9AAA6DF9F75C}.Debug|Any CPU.ActiveCfg = Debug|Any CPU
		{D1E05FF9-5E43-41DC-889F-9AAA6DF9F75C}.Debug|Any CPU.Build.0 = Debug|Any CPU
		{D1E05FF9-5E43-41DC-889F-9AAA6DF9F75C}.Debug|Mixed Platforms.ActiveCfg = Debug|Any CPU
		{D1E05FF9-5E43-41DC-889F-9AAA6DF9F75C}.Debug|Mixed Platforms.Build.0 = Debug|Any CPU
		{D1E05FF9-5E43-41DC-889F-9AAA6DF9F75C}.Debug|Win32.ActiveCfg = Debug|Any CPU
		{D1E05FF9-5E43-41DC-889F-9AAA6DF9F75C}.Release|Any CPU.ActiveCfg = Release|Any CPU
		{D1E05FF9-5E43-41DC-889F-9AAA6DF9F75C}.Release|Any CPU.Build.0 = Release|Any CPU
		{D1E05FF9-5E43-41DC-889F-9AAA6DF9F75C}.Release|Mixed Platforms.ActiveCfg = Release|Any CPU
		{D1E05FF9-5E43-41DC-889F-9AAA6DF9F75C}.Release|Mixed Platforms.Build.0 = Release|Any CPU
		{D1E05FF9-5E43-41DC-889F-9AAA6DF9F75C}.Release|Win32.ActiveCfg = Release|Any CPU
		{5E826A2C-85BC-4526-BE4F-3951BBCC799B}.Debug|Any CPU.ActiveCfg = Debug|Any CPU
		{5E826A2C-85BC-4526-BE4F-3951BBCC799B}.Debug|Any CPU.Build.0 = Debug|Any CPU
		{5E826A2C-85BC-4526-BE4F-3951BBCC799B}.Debug|Mixed Platforms.ActiveCfg = Debug|Any CPU
		{5E826A2C-85BC-4526-BE4F-3951BBCC799B}.Debug|Mixed Platforms.Build.0 = Debug|Any CPU
		{5E826A2C-85BC-4526-BE4F-3951BBCC799B}.Debug|Win32.ActiveCfg = Debug|Any CPU
		{5E826A2C-85BC-4526-BE4F-3951BBCC799B}.Release|Any CPU.ActiveCfg = Debug|Any CPU
		{5E826A2C-85BC-4526-BE4F-3951BBCC799B}.Release|Any CPU.Build.0 = Debug|Any CPU
		{5E826A2C-85BC-4526-BE4F-3951BBCC799B}.Release|Mixed Platforms.ActiveCfg = Debug|Any CPU
		{5E826A2C-85BC-4526-BE4F-3951BBCC799B}.Release|Mixed Platforms.Build.0 = Debug|Any CPU
		{5E826A2C-85BC-4526-BE4F-3951BBCC799B}.Release|Win32.ActiveCfg = Debug|Any CPU
		{F72A389B-DD26-4392-B160-D91828CF22FB}.Debug|Any CPU.ActiveCfg = Debug|Any CPU
		{F72A389B-DD26-4392-B160-D91828CF22FB}.Debug|Any CPU.Build.0 = Debug|Any CPU
		{F72A389B-DD26-4392-B160-D91828CF22FB}.Debug|Mixed Platforms.ActiveCfg = Debug|Any CPU
		{F72A389B-DD26-4392-B160-D91828CF22FB}.Debug|Mixed Platforms.Build.0 = Debug|Any CPU
		{F72A389B-DD26-4392-B160-D91828CF22FB}.Debug|Win32.ActiveCfg = Debug|Any CPU
		{F72A389B-DD26-4392-B160-D91828CF22FB}.Release|Any CPU.ActiveCfg = Release|Any CPU
		{F72A389B-DD26-4392-B160-D91828CF22FB}.Release|Any CPU.Build.0 = Release|Any CPU
		{F72A389B-DD26-4392-B160-D91828CF22FB}.Release|Mixed Platforms.ActiveCfg = Release|Any CPU
		{F72A389B-DD26-4392-B160-D91828CF22FB}.Release|Mixed Platforms.Build.0 = Release|Any CPU
		{F72A389B-DD26-4392-B160-D91828CF22FB}.Release|Win32.ActiveCfg = Release|Any CPU
		{CB978B5E-DA78-4402-A74F-3E40197607F7}.Debug|Any CPU.ActiveCfg = Debug|Any CPU
		{CB978B5E-DA78-4402-A74F-3E40197607F7}.Debug|Any CPU.Build.0 = Debug|Any CPU
		{CB978B5E-DA78-4402-A74F-3E40197607F7}.Debug|Mixed Platforms.ActiveCfg = Debug|Any CPU
		{CB978B5E-DA78-4402-A74F-3E40197607F7}.Debug|Mixed Platforms.Build.0 = Debug|Any CPU
		{CB978B5E-DA78-4402-A74F-3E40197607F7}.Debug|Win32.ActiveCfg = Debug|Any CPU
		{CB978B5E-DA78-4402-A74F-3E40197607F7}.Release|Any CPU.ActiveCfg = Release|Any CPU
		{CB978B5E-DA78-4402-A74F-3E40197607F7}.Release|Any CPU.Build.0 = Release|Any CPU
		{CB978B5E-DA78-4402-A74F-3E40197607F7}.Release|Mixed Platforms.ActiveCfg = Release|Any CPU
		{CB978B5E-DA78-4402-A74F-3E40197607F7}.Release|Mixed Platforms.Build.0 = Release|Any CPU
		{CB978B5E-DA78-4402-A74F-3E40197607F7}.Release|Win32.ActiveCfg = Release|Any CPU
		{89DC4C33-3D6B-443D-9D4E-FF1ABA04A26D}.Debug|Any CPU.ActiveCfg = Debug|Any CPU
		{89DC4C33-3D6B-443D-9D4E-FF1ABA04A26D}.Debug|Any CPU.Build.0 = Debug|Any CPU
		{89DC4C33-3D6B-443D-9D4E-FF1ABA04A26D}.Debug|Mixed Platforms.ActiveCfg = Debug|Any CPU
		{89DC4C33-3D6B-443D-9D4E-FF1ABA04A26D}.Debug|Mixed Platforms.Build.0 = Debug|Any CPU
		{89DC4C33-3D6B-443D-9D4E-FF1ABA04A26D}.Debug|Win32.ActiveCfg = Debug|Any CPU
		{89DC4C33-3D6B-443D-9D4E-FF1ABA04A26D}.Release|Any CPU.ActiveCfg = Release|Any CPU
		{89DC4C33-3D6B-443D-9D4E-FF1ABA04A26D}.Release|Any CPU.Build.0 = Release|Any CPU
		{89DC4C33-3D6B-443D-9D4E-FF1ABA04A26D}.Release|Mixed Platforms.ActiveCfg = Release|Any CPU
		{89DC4C33-3D6B-443D-9D4E-FF1ABA04A26D}.Release|Mixed Platforms.Build.0 = Release|Any CPU
		{89DC4C33-3D6B-443D-9D4E-FF1ABA04A26D}.Release|Win32.ActiveCfg = Release|Any CPU
		{BC74D290-7F04-4CC8-B631-A6B716F66236}.Debug|Any CPU.ActiveCfg = Debug|Any CPU
		{BC74D290-7F04-4CC8-B631-A6B716F66236}.Debug|Any CPU.Build.0 = Debug|Any CPU
		{BC74D290-7F04-4CC8-B631-A6B716F66236}.Debug|Mixed Platforms.ActiveCfg = Debug|Any CPU
		{BC74D290-7F04-4CC8-B631-A6B716F66236}.Debug|Mixed Platforms.Build.0 = Debug|Any CPU
		{BC74D290-7F04-4CC8-B631-A6B716F66236}.Debug|Win32.ActiveCfg = Debug|Any CPU
		{BC74D290-7F04-4CC8-B631-A6B716F66236}.Release|Any CPU.ActiveCfg = Release|Any CPU
		{BC74D290-7F04-4CC8-B631-A6B716F66236}.Release|Any CPU.Build.0 = Release|Any CPU
		{BC74D290-7F04-4CC8-B631-A6B716F66236}.Release|Mixed Platforms.ActiveCfg = Release|Any CPU
		{BC74D290-7F04-4CC8-B631-A6B716F66236}.Release|Mixed Platforms.Build.0 = Release|Any CPU
		{BC74D290-7F04-4CC8-B631-A6B716F66236}.Release|Win32.ActiveCfg = Release|Any CPU
		{6A8300EE-D051-49A5-89B2-EA606D8B0D83}.Debug|Any CPU.ActiveCfg = Debug|Any CPU
		{6A8300EE-D051-49A5-89B2-EA606D8B0D83}.Debug|Any CPU.Build.0 = Debug|Any CPU
		{6A8300EE-D051-49A5-89B2-EA606D8B0D83}.Debug|Mixed Platforms.ActiveCfg = Debug|Any CPU
		{6A8300EE-D051-49A5-89B2-EA606D8B0D83}.Debug|Mixed Platforms.Build.0 = Debug|Any CPU
		{6A8300EE-D051-49A5-89B2-EA606D8B0D83}.Debug|Win32.ActiveCfg = Debug|Any CPU
		{6A8300EE-D051-49A5-89B2-EA606D8B0D83}.Release|Any CPU.ActiveCfg = Release|Any CPU
		{6A8300EE-D051-49A5-89B2-EA606D8B0D83}.Release|Any CPU.Build.0 = Release|Any CPU
		{6A8300EE-D051-49A5-89B2-EA606D8B0D83}.Release|Mixed Platforms.ActiveCfg = Release|Any CPU
		{6A8300EE-D051-49A5-89B2-EA606D8B0D83}.Release|Mixed Platforms.Build.0 = Release|Any CPU
		{6A8300EE-D051-49A5-89B2-EA606D8B0D83}.Release|Win32.ActiveCfg = Release|Any CPU
		{CD9EC175-DCEE-4C49-A0BE-89307A7C8067}.Debug|Any CPU.ActiveCfg = Debug|Any CPU
		{CD9EC175-DCEE-4C49-A0BE-89307A7C8067}.Debug|Any CPU.Build.0 = Debug|Any CPU
		{CD9EC175-DCEE-4C49-A0BE-89307A7C8067}.Debug|Mixed Platforms.ActiveCfg = Debug|Any CPU
		{CD9EC175-DCEE-4C49-A0BE-89307A7C8067}.Debug|Mixed Platforms.Build.0 = Debug|Any CPU
		{CD9EC175-DCEE-4C49-A0BE-89307A7C8067}.Debug|Win32.ActiveCfg = Debug|Any CPU
		{CD9EC175-DCEE-4C49-A0BE-89307A7C8067}.Release|Any CPU.ActiveCfg = Release|Any CPU
		{CD9EC175-DCEE-4C49-A0BE-89307A7C8067}.Release|Any CPU.Build.0 = Release|Any CPU
		{CD9EC175-DCEE-4C49-A0BE-89307A7C8067}.Release|Mixed Platforms.ActiveCfg = Release|Any CPU
		{CD9EC175-DCEE-4C49-A0BE-89307A7C8067}.Release|Mixed Platforms.Build.0 = Release|Any CPU
		{CD9EC175-DCEE-4C49-A0BE-89307A7C8067}.Release|Win32.ActiveCfg = Release|Any CPU
		{CAB5AD3D-5F35-430F-A3C6-FD5B4C41C4DD}.Debug|Any CPU.ActiveCfg = Debug|Any CPU
		{CAB5AD3D-5F35-430F-A3C6-FD5B4C41C4DD}.Debug|Any CPU.Build.0 = Debug|Any CPU
		{CAB5AD3D-5F35-430F-A3C6-FD5B4C41C4DD}.Debug|Mixed Platforms.ActiveCfg = Debug|Any CPU
		{CAB5AD3D-5F35-430F-A3C6-FD5B4C41C4DD}.Debug|Mixed Platforms.Build.0 = Debug|Any CPU
		{CAB5AD3D-5F35-430F-A3C6-FD5B4C41C4DD}.Debug|Win32.ActiveCfg = Debug|Any CPU
		{CAB5AD3D-5F35-430F-A3C6-FD5B4C41C4DD}.Release|Any CPU.ActiveCfg = Release|Any CPU
		{CAB5AD3D-5F35-430F-A3C6-FD5B4C41C4DD}.Release|Any CPU.Build.0 = Release|Any CPU
		{CAB5AD3D-5F35-430F-A3C6-FD5B4C41C4DD}.Release|Mixed Platforms.ActiveCfg = Release|Any CPU
		{CAB5AD3D-5F35-430F-A3C6-FD5B4C41C4DD}.Release|Mixed Platforms.Build.0 = Release|Any CPU
		{CAB5AD3D-5F35-430F-A3C6-FD5B4C41C4DD}.Release|Win32.ActiveCfg = Release|Any CPU
		{E9D2AE05-D523-4FDF-8021-30FE0DB14E12}.Debug|Any CPU.ActiveCfg = Debug|Any CPU
		{E9D2AE05-D523-4FDF-8021-30FE0DB14E12}.Debug|Any CPU.Build.0 = Debug|Any CPU
		{E9D2AE05-D523-4FDF-8021-30FE0DB14E12}.Debug|Mixed Platforms.ActiveCfg = Debug|Any CPU
		{E9D2AE05-D523-4FDF-8021-30FE0DB14E12}.Debug|Mixed Platforms.Build.0 = Debug|Any CPU
		{E9D2AE05-D523-4FDF-8021-30FE0DB14E12}.Debug|Win32.ActiveCfg = Debug|Any CPU
		{E9D2AE05-D523-4FDF-8021-30FE0DB14E12}.Release|Any CPU.ActiveCfg = Release|Any CPU
		{E9D2AE05-D523-4FDF-8021-30FE0DB14E12}.Release|Any CPU.Build.0 = Release|Any CPU
		{E9D2AE05-D523-4FDF-8021-30FE0DB14E12}.Release|Mixed Platforms.ActiveCfg = Release|Any CPU
		{E9D2AE05-D523-4FDF-8021-30FE0DB14E12}.Release|Mixed Platforms.Build.0 = Release|Any CPU
		{E9D2AE05-D523-4FDF-8021-30FE0DB14E12}.Release|Win32.ActiveCfg = Release|Any CPU
		{16B2887F-8BDC-4E39-B06E-A17F213DDC55}.Debug|Any CPU.ActiveCfg = Debug|Any CPU
		{16B2887F-8BDC-4E39-B06E-A17F213DDC55}.Debug|Any CPU.Build.0 = Debug|Any CPU
		{16B2887F-8BDC-4E39-B06E-A17F213DDC55}.Debug|Mixed Platforms.ActiveCfg = Debug|Any CPU
		{16B2887F-8BDC-4E39-B06E-A17F213DDC55}.Debug|Mixed Platforms.Build.0 = Debug|Any CPU
		{16B2887F-8BDC-4E39-B06E-A17F213DDC55}.Debug|Win32.ActiveCfg = Debug|Any CPU
		{16B2887F-8BDC-4E39-B06E-A17F213DDC55}.Release|Any CPU.ActiveCfg = Release|Any CPU
		{16B2887F-8BDC-4E39-B06E-A17F213DDC55}.Release|Any CPU.Build.0 = Release|Any CPU
		{16B2887F-8BDC-4E39-B06E-A17F213DDC55}.Release|Mixed Platforms.ActiveCfg = Release|Any CPU
		{16B2887F-8BDC-4E39-B06E-A17F213DDC55}.Release|Mixed Platforms.Build.0 = Release|Any CPU
		{16B2887F-8BDC-4E39-B06E-A17F213DDC55}.Release|Win32.ActiveCfg = Release|Any CPU
		{5D79BEBC-72DE-4EB1-AFC3-7A439BCE84CE}.Debug|Any CPU.ActiveCfg = Debug|Any CPU
		{5D79BEBC-72DE-4EB1-AFC3-7A439BCE84CE}.Debug|Any CPU.Build.0 = Debug|Any CPU
		{5D79BEBC-72DE-4EB1-AFC3-7A439BCE84CE}.Debug|Mixed Platforms.ActiveCfg = Debug|Any CPU
		{5D79BEBC-72DE-4EB1-AFC3-7A439BCE84CE}.Debug|Mixed Platforms.Build.0 = Debug|Any CPU
		{5D79BEBC-72DE-4EB1-AFC3-7A439BCE84CE}.Debug|Win32.ActiveCfg = Debug|Any CPU
		{5D79BEBC-72DE-4EB1-AFC3-7A439BCE84CE}.Release|Any CPU.ActiveCfg = Release|Any CPU
		{5D79BEBC-72DE-4EB1-AFC3-7A439BCE84CE}.Release|Any CPU.Build.0 = Release|Any CPU
		{5D79BEBC-72DE-4EB1-AFC3-7A439BCE84CE}.Release|Mixed Platforms.ActiveCfg = Release|Any CPU
		{5D79BEBC-72DE-4EB1-AFC3-7A439BCE84CE}.Release|Mixed Platforms.Build.0 = Release|Any CPU
		{5D79BEBC-72DE-4EB1-AFC3-7A439BCE84CE}.Release|Win32.ActiveCfg = Release|Any CPU
		{57567DA2-E0AE-4BAC-BACC-3C5B0CB34B1C}.Debug|Any CPU.ActiveCfg = Debug|Any CPU
		{57567DA2-E0AE-4BAC-BACC-3C5B0CB34B1C}.Debug|Any CPU.Build.0 = Debug|Any CPU
		{57567DA2-E0AE-4BAC-BACC-3C5B0CB34B1C}.Debug|Mixed Platforms.ActiveCfg = Debug|Any CPU
		{57567DA2-E0AE-4BAC-BACC-3C5B0CB34B1C}.Debug|Mixed Platforms.Build.0 = Debug|Any CPU
		{57567DA2-E0AE-4BAC-BACC-3C5B0CB34B1C}.Debug|Win32.ActiveCfg = Debug|Any CPU
		{57567DA2-E0AE-4BAC-BACC-3C5B0CB34B1C}.Release|Any CPU.ActiveCfg = Release|Any CPU
		{57567DA2-E0AE-4BAC-BACC-3C5B0CB34B1C}.Release|Any CPU.Build.0 = Release|Any CPU
		{57567DA2-E0AE-4BAC-BACC-3C5B0CB34B1C}.Release|Mixed Platforms.ActiveCfg = Release|Any CPU
		{57567DA2-E0AE-4BAC-BACC-3C5B0CB34B1C}.Release|Mixed Platforms.Build.0 = Release|Any CPU
		{57567DA2-E0AE-4BAC-BACC-3C5B0CB34B1C}.Release|Win32.ActiveCfg = Release|Any CPU
		{FF5DFAFF-14A3-405E-B0BB-4557826CA89C}.Debug|Any CPU.ActiveCfg = Debug
		{FF5DFAFF-14A3-405E-B0BB-4557826CA89C}.Debug|Any CPU.Build.0 = Debug
		{FF5DFAFF-14A3-405E-B0BB-4557826CA89C}.Debug|Mixed Platforms.ActiveCfg = Debug
		{FF5DFAFF-14A3-405E-B0BB-4557826CA89C}.Debug|Win32.ActiveCfg = Debug
		{FF5DFAFF-14A3-405E-B0BB-4557826CA89C}.Debug|Win32.Build.0 = Debug
		{FF5DFAFF-14A3-405E-B0BB-4557826CA89C}.Release|Any CPU.ActiveCfg = Release
		{FF5DFAFF-14A3-405E-B0BB-4557826CA89C}.Release|Any CPU.Build.0 = Release
		{FF5DFAFF-14A3-405E-B0BB-4557826CA89C}.Release|Mixed Platforms.ActiveCfg = Release
		{FF5DFAFF-14A3-405E-B0BB-4557826CA89C}.Release|Win32.ActiveCfg = Release
		{FF5DFAFF-14A3-405E-B0BB-4557826CA89C}.Release|Win32.Build.0 = Release
		{C4016F00-81FC-4B4E-80EC-19A3DDA83F26}.Debug|Any CPU.ActiveCfg = Debug
		{C4016F00-81FC-4B4E-80EC-19A3DDA83F26}.Debug|Any CPU.Build.0 = Debug
		{C4016F00-81FC-4B4E-80EC-19A3DDA83F26}.Debug|Mixed Platforms.ActiveCfg = Debug
		{C4016F00-81FC-4B4E-80EC-19A3DDA83F26}.Debug|Win32.ActiveCfg = Debug
		{C4016F00-81FC-4B4E-80EC-19A3DDA83F26}.Debug|Win32.Build.0 = Debug
		{C4016F00-81FC-4B4E-80EC-19A3DDA83F26}.Release|Any CPU.ActiveCfg = Release
		{C4016F00-81FC-4B4E-80EC-19A3DDA83F26}.Release|Any CPU.Build.0 = Release
		{C4016F00-81FC-4B4E-80EC-19A3DDA83F26}.Release|Mixed Platforms.ActiveCfg = Release
		{C4016F00-81FC-4B4E-80EC-19A3DDA83F26}.Release|Win32.ActiveCfg = Release
		{C4016F00-81FC-4B4E-80EC-19A3DDA83F26}.Release|Win32.Build.0 = Release
		{7DD3E618-1D58-460D-8076-D67CDF5649A0}.Debug|Any CPU.ActiveCfg = Debug|Any CPU
		{7DD3E618-1D58-460D-8076-D67CDF5649A0}.Debug|Any CPU.Build.0 = Debug|Any CPU
		{7DD3E618-1D58-460D-8076-D67CDF5649A0}.Debug|Mixed Platforms.ActiveCfg = Debug|Any CPU
		{7DD3E618-1D58-460D-8076-D67CDF5649A0}.Debug|Mixed Platforms.Build.0 = Debug|Any CPU
		{7DD3E618-1D58-460D-8076-D67CDF5649A0}.Debug|Win32.ActiveCfg = Debug|Any CPU
		{7DD3E618-1D58-460D-8076-D67CDF5649A0}.Release|Any CPU.ActiveCfg = Release|Any CPU
		{7DD3E618-1D58-460D-8076-D67CDF5649A0}.Release|Any CPU.Build.0 = Release|Any CPU
		{7DD3E618-1D58-460D-8076-D67CDF5649A0}.Release|Mixed Platforms.ActiveCfg = Release|Any CPU
		{7DD3E618-1D58-460D-8076-D67CDF5649A0}.Release|Mixed Platforms.Build.0 = Release|Any CPU
		{7DD3E618-1D58-460D-8076-D67CDF5649A0}.Release|Win32.ActiveCfg = Release|Any CPU
		{8404264A-0365-4255-8463-EF5B38368C4D}.Debug|Any CPU.ActiveCfg = Debug|Any CPU
		{8404264A-0365-4255-8463-EF5B38368C4D}.Debug|Any CPU.Build.0 = Debug|Any CPU
		{8404264A-0365-4255-8463-EF5B38368C4D}.Debug|Mixed Platforms.ActiveCfg = Debug|Any CPU
		{8404264A-0365-4255-8463-EF5B38368C4D}.Debug|Mixed Platforms.Build.0 = Debug|Any CPU
		{8404264A-0365-4255-8463-EF5B38368C4D}.Debug|Win32.ActiveCfg = Debug|Any CPU
		{8404264A-0365-4255-8463-EF5B38368C4D}.Release|Any CPU.ActiveCfg = Release|Any CPU
		{8404264A-0365-4255-8463-EF5B38368C4D}.Release|Any CPU.Build.0 = Release|Any CPU
		{8404264A-0365-4255-8463-EF5B38368C4D}.Release|Mixed Platforms.ActiveCfg = Release|Any CPU
		{8404264A-0365-4255-8463-EF5B38368C4D}.Release|Mixed Platforms.Build.0 = Release|Any CPU
		{8404264A-0365-4255-8463-EF5B38368C4D}.Release|Win32.ActiveCfg = Release|Any CPU
		{BCECDE75-8B68-46AF-ABE6-85A27DD75599}.Debug|Any CPU.ActiveCfg = Debug|Any CPU
		{BCECDE75-8B68-46AF-ABE6-85A27DD75599}.Debug|Any CPU.Build.0 = Debug|Any CPU
		{BCECDE75-8B68-46AF-ABE6-85A27DD75599}.Debug|Mixed Platforms.ActiveCfg = Debug|Any CPU
		{BCECDE75-8B68-46AF-ABE6-85A27DD75599}.Debug|Mixed Platforms.Build.0 = Debug|Any CPU
		{BCECDE75-8B68-46AF-ABE6-85A27DD75599}.Debug|Win32.ActiveCfg = Debug|Any CPU
		{BCECDE75-8B68-46AF-ABE6-85A27DD75599}.Release|Any CPU.ActiveCfg = Release|Any CPU
		{BCECDE75-8B68-46AF-ABE6-85A27DD75599}.Release|Any CPU.Build.0 = Release|Any CPU
		{BCECDE75-8B68-46AF-ABE6-85A27DD75599}.Release|Mixed Platforms.ActiveCfg = Release|Any CPU
		{BCECDE75-8B68-46AF-ABE6-85A27DD75599}.Release|Mixed Platforms.Build.0 = Release|Any CPU
		{BCECDE75-8B68-46AF-ABE6-85A27DD75599}.Release|Win32.ActiveCfg = Release|Any CPU
		{7FEDCBFD-0144-4764-809E-A6D8C96F1C2F}.Debug|Any CPU.ActiveCfg = Debug|Any CPU
		{7FEDCBFD-0144-4764-809E-A6D8C96F1C2F}.Debug|Any CPU.Build.0 = Debug|Any CPU
		{7FEDCBFD-0144-4764-809E-A6D8C96F1C2F}.Debug|Mixed Platforms.ActiveCfg = Debug|Any CPU
		{7FEDCBFD-0144-4764-809E-A6D8C96F1C2F}.Debug|Mixed Platforms.Build.0 = Debug|Any CPU
		{7FEDCBFD-0144-4764-809E-A6D8C96F1C2F}.Debug|Win32.ActiveCfg = Debug|Any CPU
		{7FEDCBFD-0144-4764-809E-A6D8C96F1C2F}.Release|Any CPU.ActiveCfg = Release|Any CPU
		{7FEDCBFD-0144-4764-809E-A6D8C96F1C2F}.Release|Any CPU.Build.0 = Release|Any CPU
		{7FEDCBFD-0144-4764-809E-A6D8C96F1C2F}.Release|Mixed Platforms.ActiveCfg = Release|Any CPU
		{7FEDCBFD-0144-4764-809E-A6D8C96F1C2F}.Release|Mixed Platforms.Build.0 = Release|Any CPU
		{7FEDCBFD-0144-4764-809E-A6D8C96F1C2F}.Release|Win32.ActiveCfg = Release|Any CPU
		{40D1B03A-202F-40D5-9115-EF2B8AB9C562}.Debug|Any CPU.ActiveCfg = Debug|Any CPU
		{40D1B03A-202F-40D5-9115-EF2B8AB9C562}.Debug|Any CPU.Build.0 = Debug|Any CPU
		{40D1B03A-202F-40D5-9115-EF2B8AB9C562}.Debug|Mixed Platforms.ActiveCfg = Debug|Any CPU
		{40D1B03A-202F-40D5-9115-EF2B8AB9C562}.Debug|Mixed Platforms.Build.0 = Debug|Any CPU
		{40D1B03A-202F-40D5-9115-EF2B8AB9C562}.Debug|Win32.ActiveCfg = Debug|Any CPU
		{40D1B03A-202F-40D5-9115-EF2B8AB9C562}.Release|Any CPU.ActiveCfg = Release|Any CPU
		{40D1B03A-202F-40D5-9115-EF2B8AB9C562}.Release|Any CPU.Build.0 = Release|Any CPU
		{40D1B03A-202F-40D5-9115-EF2B8AB9C562}.Release|Mixed Platforms.ActiveCfg = Release|Any CPU
		{40D1B03A-202F-40D5-9115-EF2B8AB9C562}.Release|Mixed Platforms.Build.0 = Release|Any CPU
		{40D1B03A-202F-40D5-9115-EF2B8AB9C562}.Release|Win32.ActiveCfg = Release|Any CPU
		{E16DFF10-3FEF-4230-B092-CABA2B1E3609}.Debug|Any CPU.ActiveCfg = Debug|Any CPU
		{E16DFF10-3FEF-4230-B092-CABA2B1E3609}.Debug|Any CPU.Build.0 = Debug|Any CPU
		{E16DFF10-3FEF-4230-B092-CABA2B1E3609}.Debug|Mixed Platforms.ActiveCfg = Debug|Any CPU
		{E16DFF10-3FEF-4230-B092-CABA2B1E3609}.Debug|Mixed Platforms.Build.0 = Debug|Any CPU
		{E16DFF10-3FEF-4230-B092-CABA2B1E3609}.Debug|Win32.ActiveCfg = Debug|Any CPU
		{E16DFF10-3FEF-4230-B092-CABA2B1E3609}.Release|Any CPU.ActiveCfg = Release|Any CPU
		{E16DFF10-3FEF-4230-B092-CABA2B1E3609}.Release|Any CPU.Build.0 = Release|Any CPU
		{E16DFF10-3FEF-4230-B092-CABA2B1E3609}.Release|Mixed Platforms.ActiveCfg = Release|Any CPU
		{E16DFF10-3FEF-4230-B092-CABA2B1E3609}.Release|Mixed Platforms.Build.0 = Release|Any CPU
		{E16DFF10-3FEF-4230-B092-CABA2B1E3609}.Release|Win32.ActiveCfg = Release|Any CPU
		{0E7413FF-EB9E-4714-ACF2-BE3A6A7B2FFD}.Debug|Any CPU.ActiveCfg = Debug|Any CPU
		{0E7413FF-EB9E-4714-ACF2-BE3A6A7B2FFD}.Debug|Any CPU.Build.0 = Debug|Any CPU
		{0E7413FF-EB9E-4714-ACF2-BE3A6A7B2FFD}.Debug|Mixed Platforms.ActiveCfg = Debug|Any CPU
		{0E7413FF-EB9E-4714-ACF2-BE3A6A7B2FFD}.Debug|Mixed Platforms.Build.0 = Debug|Any CPU
		{0E7413FF-EB9E-4714-ACF2-BE3A6A7B2FFD}.Debug|Win32.ActiveCfg = Debug|Any CPU
		{0E7413FF-EB9E-4714-ACF2-BE3A6A7B2FFD}.Release|Any CPU.ActiveCfg = Release|Any CPU
		{0E7413FF-EB9E-4714-ACF2-BE3A6A7B2FFD}.Release|Any CPU.Build.0 = Release|Any CPU
		{0E7413FF-EB9E-4714-ACF2-BE3A6A7B2FFD}.Release|Mixed Platforms.ActiveCfg = Release|Any CPU
		{0E7413FF-EB9E-4714-ACF2-BE3A6A7B2FFD}.Release|Mixed Platforms.Build.0 = Release|Any CPU
		{0E7413FF-EB9E-4714-ACF2-BE3A6A7B2FFD}.Release|Win32.ActiveCfg = Release|Any CPU
	EndGlobalSection
	GlobalSection(SolutionProperties) = preSolution
		HideSolutionNode = FALSE
	EndGlobalSection
EndGlobal
